
Microsoft Visual Studio Solution File, Format Version 12.00
# Visual Studio Version 16
VisualStudioVersion = 16.0.30114.105
MinimumVisualStudioVersion = 10.0.40219.1
Project("{2150E333-8FDC-42A3-9474-1A3956D46DE8}") = "src", "src", "{FE1DA70D-97D8-49EF-A500-1E445D02E757}"
EndProject
Project("{FAE04EC0-301F-11D3-BF4B-00C04F79EFBC}") = "SharpMusic.Core", "src\SharpMusic.Core\SharpMusic.Core.csproj", "{1E495223-CCC5-4630-86C0-061499A4DC27}"
EndProject
Project("{FAE04EC0-301F-11D3-BF4B-00C04F79EFBC}") = "SharpMusic.Console", "src\SharpMusic.Console\SharpMusic.Console.csproj", "{CCBD20F5-53F6-40B0-95AD-4AFAB672D2DF}"
EndProject
Project("{FAE04EC0-301F-11D3-BF4B-00C04F79EFBC}") = "SharpMusic.GUI", "src\SharpMusic.GUI\SharpMusic.GUI.csproj", "{B087F946-410E-42FF-BF9C-A1DF2E6526E8}"
EndProject
Project("{2150E333-8FDC-42A3-9474-1A3956D46DE8}") = "references", "references", "{457DEA84-BDEF-4F66-B9B0-2DA437DBE27D}"
EndProject
Project("{FAE04EC0-301F-11D3-BF4B-00C04F79EFBC}") = "SDL2-CS.Core", "references\SDL2-CS\SDL2-CS.Core.csproj", "{11BB7E56-1426-4E6C-A93C-F579DA4FF838}"
EndProject
Project("{FAE04EC0-301F-11D3-BF4B-00C04F79EFBC}") = "SharpMusic.DllHellP", "src\SharpMusic.DllHellP\SharpMusic.DllHellP.csproj", "{EDBFE62D-F7FF-422A-BE4A-0096FBE35834}"
EndProject
Project("{2150E333-8FDC-42A3-9474-1A3956D46DE8}") = "tests", "tests", "{59B8698B-FFE3-4D33-BC1E-BEDE9391F86A}"
EndProject
Project("{FAE04EC0-301F-11D3-BF4B-00C04F79EFBC}") = "SharpMusic.DllHellPTests", "tests\SharpMusic.DllHellPTests\SharpMusic.DllHellPTests.csproj", "{8E3EE037-1814-4A63-BB72-665EEA317A40}"
EndProject
Project("{FAE04EC0-301F-11D3-BF4B-00C04F79EFBC}") = "SharpMusic.CoreTests", "tests\SharpMusic.CoreTests\SharpMusic.CoreTests.csproj", "{14189796-815D-453D-9845-127A42A3F346}"
EndProject
Global
	GlobalSection(SolutionConfigurationPlatforms) = preSolution
		Debug|Any CPU = Debug|Any CPU
		Release|Any CPU = Release|Any CPU
	EndGlobalSection
	GlobalSection(SolutionProperties) = preSolution
		HideSolutionNode = FALSE
	EndGlobalSection
	GlobalSection(ProjectConfigurationPlatforms) = postSolution
		{1E495223-CCC5-4630-86C0-061499A4DC27}.Debug|Any CPU.ActiveCfg = Debug|Any CPU
		{1E495223-CCC5-4630-86C0-061499A4DC27}.Debug|Any CPU.Build.0 = Debug|Any CPU
		{1E495223-CCC5-4630-86C0-061499A4DC27}.Release|Any CPU.ActiveCfg = Release|Any CPU
		{1E495223-CCC5-4630-86C0-061499A4DC27}.Release|Any CPU.Build.0 = Release|Any CPU
		{CCBD20F5-53F6-40B0-95AD-4AFAB672D2DF}.Debug|Any CPU.ActiveCfg = Debug|Any CPU
		{CCBD20F5-53F6-40B0-95AD-4AFAB672D2DF}.Debug|Any CPU.Build.0 = Debug|Any CPU
		{CCBD20F5-53F6-40B0-95AD-4AFAB672D2DF}.Release|Any CPU.ActiveCfg = Release|Any CPU
		{CCBD20F5-53F6-40B0-95AD-4AFAB672D2DF}.Release|Any CPU.Build.0 = Release|Any CPU
		{B087F946-410E-42FF-BF9C-A1DF2E6526E8}.Debug|Any CPU.ActiveCfg = Debug|Any CPU
		{B087F946-410E-42FF-BF9C-A1DF2E6526E8}.Debug|Any CPU.Build.0 = Debug|Any CPU
		{B087F946-410E-42FF-BF9C-A1DF2E6526E8}.Release|Any CPU.ActiveCfg = Release|Any CPU
		{B087F946-410E-42FF-BF9C-A1DF2E6526E8}.Release|Any CPU.Build.0 = Release|Any CPU
		{11BB7E56-1426-4E6C-A93C-F579DA4FF838}.Debug|Any CPU.ActiveCfg = Debug|x64
		{11BB7E56-1426-4E6C-A93C-F579DA4FF838}.Debug|Any CPU.Build.0 = Debug|x64
		{11BB7E56-1426-4E6C-A93C-F579DA4FF838}.Release|Any CPU.ActiveCfg = Release|x64
		{11BB7E56-1426-4E6C-A93C-F579DA4FF838}.Release|Any CPU.Build.0 = Release|x64
		{EDBFE62D-F7FF-422A-BE4A-0096FBE35834}.Debug|Any CPU.ActiveCfg = Debug|Any CPU
		{EDBFE62D-F7FF-422A-BE4A-0096FBE35834}.Debug|Any CPU.Build.0 = Debug|Any CPU
		{EDBFE62D-F7FF-422A-BE4A-0096FBE35834}.Release|Any CPU.ActiveCfg = Release|Any CPU
		{EDBFE62D-F7FF-422A-BE4A-0096FBE35834}.Release|Any CPU.Build.0 = Release|Any CPU
		{8E3EE037-1814-4A63-BB72-665EEA317A40}.Debug|Any CPU.ActiveCfg = Debug|Any CPU
		{8E3EE037-1814-4A63-BB72-665EEA317A40}.Debug|Any CPU.Build.0 = Debug|Any CPU
		{8E3EE037-1814-4A63-BB72-665EEA317A40}.Release|Any CPU.ActiveCfg = Release|Any CPU
		{8E3EE037-1814-4A63-BB72-665EEA317A40}.Release|Any CPU.Build.0 = Release|Any CPU
		{14189796-815D-453D-9845-127A42A3F346}.Debug|Any CPU.ActiveCfg = Debug|Any CPU
		{14189796-815D-453D-9845-127A42A3F346}.Debug|Any CPU.Build.0 = Debug|Any CPU
		{14189796-815D-453D-9845-127A42A3F346}.Release|Any CPU.ActiveCfg = Release|Any CPU
		{14189796-815D-453D-9845-127A42A3F346}.Release|Any CPU.Build.0 = Release|Any CPU
	EndGlobalSection
	GlobalSection(NestedProjects) = preSolution
		{1E495223-CCC5-4630-86C0-061499A4DC27} = {FE1DA70D-97D8-49EF-A500-1E445D02E757}
		{CCBD20F5-53F6-40B0-95AD-4AFAB672D2DF} = {FE1DA70D-97D8-49EF-A500-1E445D02E757}
		{B087F946-410E-42FF-BF9C-A1DF2E6526E8} = {FE1DA70D-97D8-49EF-A500-1E445D02E757}
		{11BB7E56-1426-4E6C-A93C-F579DA4FF838} = {457DEA84-BDEF-4F66-B9B0-2DA437DBE27D}
		{EDBFE62D-F7FF-422A-BE4A-0096FBE35834} = {FE1DA70D-97D8-49EF-A500-1E445D02E757}
		{8E3EE037-1814-4A63-BB72-665EEA317A40} = {59B8698B-FFE3-4D33-BC1E-BEDE9391F86A}
		{14189796-815D-453D-9845-127A42A3F346} = {59B8698B-FFE3-4D33-BC1E-BEDE9391F86A}
	EndGlobalSection
EndGlobal
